
Microsoft Visual Studio Solution File, Format Version 12.00
# Visual Studio Version 16
VisualStudioVersion = 16.0.29102.190
MinimumVisualStudioVersion = 10.0.40219.1
Project("{9A19103F-16F7-4668-BE54-9A1E7A4F7556}") = "WebBot", "WebBot.csproj", "{44EA9D86-5D0E-4486-98DA-1853D03B8F92}"
EndProject
Global
	GlobalSection(SolutionConfigurationPlatforms) = preSolution
		Debug|Any CPU = Debug|Any CPU
		Release|Any CPU = Release|Any CPU
	EndGlobalSection
	GlobalSection(ProjectConfigurationPlatforms) = postSolution
		{44EA9D86-5D0E-4486-98DA-1853D03B8F92}.Debug|Any CPU.ActiveCfg = Debug|Any CPU
		{44EA9D86-5D0E-4486-98DA-1853D03B8F92}.Debug|Any CPU.Build.0 = Debug|Any CPU
		{44EA9D86-5D0E-4486-98DA-1853D03B8F92}.Release|Any CPU.ActiveCfg = Release|Any CPU
		{44EA9D86-5D0E-4486-98DA-1853D03B8F92}.Release|Any CPU.Build.0 = Release|Any CPU
	EndGlobalSection
	GlobalSection(SolutionProperties) = preSolution
		HideSolutionNode = FALSE
	EndGlobalSection
	GlobalSection(ExtensibilityGlobals) = postSolution
		SolutionGuid = {5EA0FA6B-D4C0-4418-96D2-E2ED6326E049}
	EndGlobalSection
EndGlobal
